// !$*UTF8*$!
{
	archiveVersion = 1;
	classes = {
	};
	objectVersion = 46;
	objects = {

/* Begin PBXBuildFile section */
		650EBCC61971C437002E3B28 /* main.m in Sources */ = {isa = PBXBuildFile; fileRef = 650EBCC51971C437002E3B28 /* main.m */; };
		650EBCC91971C438002E3B28 /* AppDelegate.m in Sources */ = {isa = PBXBuildFile; fileRef = 650EBCC81971C438002E3B28 /* AppDelegate.m */; };
		650EBCCC1971C438002E3B28 /* Pirate_Adventure.xcdatamodeld in Sources */ = {isa = PBXBuildFile; fileRef = 650EBCCA1971C438002E3B28 /* Pirate_Adventure.xcdatamodeld */; };
		650EBCCF1971C438002E3B28 /* ViewController.m in Sources */ = {isa = PBXBuildFile; fileRef = 650EBCCE1971C438002E3B28 /* ViewController.m */; };
		650EBCD21971C438002E3B28 /* Main.storyboard in Resources */ = {isa = PBXBuildFile; fileRef = 650EBCD01971C438002E3B28 /* Main.storyboard */; };
		650EBCD41971C438002E3B28 /* Images.xcassets in Resources */ = {isa = PBXBuildFile; fileRef = 650EBCD31971C438002E3B28 /* Images.xcassets */; };
		650EBCE01971C438002E3B28 /* Pirate_AdventureTests.m in Sources */ = {isa = PBXBuildFile; fileRef = 650EBCDF1971C438002E3B28 /* Pirate_AdventureTests.m */; };
		650EBCEB1971D1FF002E3B28 /* PATile.m in Sources */ = {isa = PBXBuildFile; fileRef = 650EBCEA1971D1FF002E3B28 /* PATile.m */; };
		650EBD341971D4D9002E3B28 /* PirateAttack.jpg in Resources */ = {isa = PBXBuildFile; fileRef = 650EBD281971D4D9002E3B28 /* PirateAttack.jpg */; };
		650EBD351971D4D9002E3B28 /* PirateBlacksmith.jpeg in Resources */ = {isa = PBXBuildFile; fileRef = 650EBD291971D4D9002E3B28 /* PirateBlacksmith.jpeg */; };
		650EBD361971D4D9002E3B28 /* PirateBoss.jpeg in Resources */ = {isa = PBXBuildFile; fileRef = 650EBD2A1971D4D9002E3B28 /* PirateBoss.jpeg */; };
		650EBD371971D4D9002E3B28 /* PirateFriendlyDock.jpg in Resources */ = {isa = PBXBuildFile; fileRef = 650EBD2B1971D4D9002E3B28 /* PirateFriendlyDock.jpg */; };
		650EBD381971D4D9002E3B28 /* PirateOctopusAttack.jpg in Resources */ = {isa = PBXBuildFile; fileRef = 650EBD2C1971D4D9002E3B28 /* PirateOctopusAttack.jpg */; };
		650EBD391971D4D9002E3B28 /* PirateParrot.jpg in Resources */ = {isa = PBXBuildFile; fileRef = 650EBD2D1971D4D9002E3B28 /* PirateParrot.jpg */; };
		650EBD3A1971D4D9002E3B28 /* PiratePlank.jpg in Resources */ = {isa = PBXBuildFile; fileRef = 650EBD2E1971D4D9002E3B28 /* PiratePlank.jpg */; };
		650EBD3B1971D4D9002E3B28 /* PirateShipBattle.jpeg in Resources */ = {isa = PBXBuildFile; fileRef = 650EBD2F1971D4D9002E3B28 /* PirateShipBattle.jpeg */; };
		650EBD3C1971D4D9002E3B28 /* PirateStart.jpg in Resources */ = {isa = PBXBuildFile; fileRef = 650EBD301971D4D9002E3B28 /* PirateStart.jpg */; };
		650EBD3D1971D4D9002E3B28 /* PirateTreasure.jpeg in Resources */ = {isa = PBXBuildFile; fileRef = 650EBD311971D4D9002E3B28 /* PirateTreasure.jpeg */; };
		650EBD3E1971D4D9002E3B28 /* PirateTreasurer2.jpeg in Resources */ = {isa = PBXBuildFile; fileRef = 650EBD321971D4D9002E3B28 /* PirateTreasurer2.jpeg */; };
		650EBD3F1971D4D9002E3B28 /* PirateWeapons.jpeg in Resources */ = {isa = PBXBuildFile; fileRef = 650EBD331971D4D9002E3B28 /* PirateWeapons.jpeg */; };
		650EBD43197437B5002E3B28 /* PATileFactory.m in Sources */ = {isa = PBXBuildFile; fileRef = 650EBD42197437B5002E3B28 /* PATileFactory.m */; };
		65B734F21981825C004618D0 /* PAItem.m in Sources */ = {isa = PBXBuildFile; fileRef = 65B734F11981825C004618D0 /* PAItem.m */; };
		65B734F5198182AD004618D0 /* PAWeapon.m in Sources */ = {isa = PBXBuildFile; fileRef = 65B734F4198182AD004618D0 /* PAWeapon.m */; };
		65B734F8198199B9004618D0 /* PAArmor.m in Sources */ = {isa = PBXBuildFile; fileRef = 65B734F7198199B9004618D0 /* PAArmor.m */; };
		65B734FF1982E1E4004618D0 /* Character.m in Sources */ = {isa = PBXBuildFile; fileRef = 65B734FE1982E1E4004618D0 /* Character.m */; };
/* End PBXBuildFile section */

/* Begin PBXContainerItemProxy section */
		650EBCDA1971C438002E3B28 /* PBXContainerItemProxy */ = {
			isa = PBXContainerItemProxy;
			containerPortal = 650EBCB81971C437002E3B28 /* Project object */;
			proxyType = 1;
			remoteGlobalIDString = 650EBCBF1971C437002E3B28;
			remoteInfo = "Pirate Adventure";
		};
/* End PBXContainerItemProxy section */

/* Begin PBXFileReference section */
		650EBCC01971C437002E3B28 /* Pirate Adventure.app */ = {isa = PBXFileReference; explicitFileType = wrapper.application; includeInIndex = 0; path = "Pirate Adventure.app"; sourceTree = BUILT_PRODUCTS_DIR; };
		650EBCC41971C437002E3B28 /* Info.plist */ = {isa = PBXFileReference; lastKnownFileType = text.plist.xml; path = Info.plist; sourceTree = "<group>"; };
		650EBCC51971C437002E3B28 /* main.m */ = {isa = PBXFileReference; lastKnownFileType = sourcecode.c.objc; path = main.m; sourceTree = "<group>"; };
		650EBCC71971C437002E3B28 /* AppDelegate.h */ = {isa = PBXFileReference; lastKnownFileType = sourcecode.c.h; path = AppDelegate.h; sourceTree = "<group>"; };
		650EBCC81971C438002E3B28 /* AppDelegate.m */ = {isa = PBXFileReference; lastKnownFileType = sourcecode.c.objc; path = AppDelegate.m; sourceTree = "<group>"; };
		650EBCCB1971C438002E3B28 /* Pirate_Adventure.xcdatamodel */ = {isa = PBXFileReference; lastKnownFileType = wrapper.xcdatamodel; path = Pirate_Adventure.xcdatamodel; sourceTree = "<group>"; };
		650EBCCD1971C438002E3B28 /* ViewController.h */ = {isa = PBXFileReference; lastKnownFileType = sourcecode.c.h; path = ViewController.h; sourceTree = "<group>"; };
		650EBCCE1971C438002E3B28 /* ViewController.m */ = {isa = PBXFileReference; lastKnownFileType = sourcecode.c.objc; path = ViewController.m; sourceTree = "<group>"; };
		650EBCD11971C438002E3B28 /* Base */ = {isa = PBXFileReference; lastKnownFileType = file.storyboard; name = Base; path = Base.lproj/Main.storyboard; sourceTree = "<group>"; };
		650EBCD31971C438002E3B28 /* Images.xcassets */ = {isa = PBXFileReference; lastKnownFileType = folder.assetcatalog; path = Images.xcassets; sourceTree = "<group>"; };
		650EBCD91971C438002E3B28 /* Pirate AdventureTests.xctest */ = {isa = PBXFileReference; explicitFileType = wrapper.cfbundle; includeInIndex = 0; path = "Pirate AdventureTests.xctest"; sourceTree = BUILT_PRODUCTS_DIR; };
		650EBCDE1971C438002E3B28 /* Info.plist */ = {isa = PBXFileReference; lastKnownFileType = text.plist.xml; path = Info.plist; sourceTree = "<group>"; };
		650EBCDF1971C438002E3B28 /* Pirate_AdventureTests.m */ = {isa = PBXFileReference; lastKnownFileType = sourcecode.c.objc; path = Pirate_AdventureTests.m; sourceTree = "<group>"; };
		650EBCE91971D1FF002E3B28 /* PATile.h */ = {isa = PBXFileReference; fileEncoding = 4; lastKnownFileType = sourcecode.c.h; path = PATile.h; sourceTree = "<group>"; };
		650EBCEA1971D1FF002E3B28 /* PATile.m */ = {isa = PBXFileReference; fileEncoding = 4; lastKnownFileType = sourcecode.c.objc; path = PATile.m; sourceTree = "<group>"; };
		650EBD281971D4D9002E3B28 /* PirateAttack.jpg */ = {isa = PBXFileReference; lastKnownFileType = image.jpeg; path = PirateAttack.jpg; sourceTree = "<group>"; };
		650EBD291971D4D9002E3B28 /* PirateBlacksmith.jpeg */ = {isa = PBXFileReference; lastKnownFileType = image.jpeg; path = PirateBlacksmith.jpeg; sourceTree = "<group>"; };
		650EBD2A1971D4D9002E3B28 /* PirateBoss.jpeg */ = {isa = PBXFileReference; lastKnownFileType = image.jpeg; path = PirateBoss.jpeg; sourceTree = "<group>"; };
		650EBD2B1971D4D9002E3B28 /* PirateFriendlyDock.jpg */ = {isa = PBXFileReference; lastKnownFileType = image.jpeg; path = PirateFriendlyDock.jpg; sourceTree = "<group>"; };
		650EBD2C1971D4D9002E3B28 /* PirateOctopusAttack.jpg */ = {isa = PBXFileReference; lastKnownFileType = image.jpeg; path = PirateOctopusAttack.jpg; sourceTree = "<group>"; };
		650EBD2D1971D4D9002E3B28 /* PirateParrot.jpg */ = {isa = PBXFileReference; lastKnownFileType = image.jpeg; path = PirateParrot.jpg; sourceTree = "<group>"; };
		650EBD2E1971D4D9002E3B28 /* PiratePlank.jpg */ = {isa = PBXFileReference; lastKnownFileType = image.jpeg; path = PiratePlank.jpg; sourceTree = "<group>"; };
		650EBD2F1971D4D9002E3B28 /* PirateShipBattle.jpeg */ = {isa = PBXFileReference; lastKnownFileType = image.jpeg; path = PirateShipBattle.jpeg; sourceTree = "<group>"; };
		650EBD301971D4D9002E3B28 /* PirateStart.jpg */ = {isa = PBXFileReference; lastKnownFileType = image.jpeg; path = PirateStart.jpg; sourceTree = "<group>"; };
		650EBD311971D4D9002E3B28 /* PirateTreasure.jpeg */ = {isa = PBXFileReference; lastKnownFileType = image.jpeg; path = PirateTreasure.jpeg; sourceTree = "<group>"; };
		650EBD321971D4D9002E3B28 /* PirateTreasurer2.jpeg */ = {isa = PBXFileReference; lastKnownFileType = image.jpeg; path = PirateTreasurer2.jpeg; sourceTree = "<group>"; };
		650EBD331971D4D9002E3B28 /* PirateWeapons.jpeg */ = {isa = PBXFileReference; lastKnownFileType = image.jpeg; path = PirateWeapons.jpeg; sourceTree = "<group>"; };
		650EBD41197437B5002E3B28 /* PATileFactory.h */ = {isa = PBXFileReference; fileEncoding = 4; lastKnownFileType = sourcecode.c.h; path = PATileFactory.h; sourceTree = "<group>"; };
		650EBD42197437B5002E3B28 /* PATileFactory.m */ = {isa = PBXFileReference; fileEncoding = 4; lastKnownFileType = sourcecode.c.objc; path = PATileFactory.m; sourceTree = "<group>"; };
		65B734F01981825C004618D0 /* PAItem.h */ = {isa = PBXFileReference; fileEncoding = 4; lastKnownFileType = sourcecode.c.h; path = PAItem.h; sourceTree = "<group>"; };
		65B734F11981825C004618D0 /* PAItem.m */ = {isa = PBXFileReference; fileEncoding = 4; lastKnownFileType = sourcecode.c.objc; path = PAItem.m; sourceTree = "<group>"; };
		65B734F3198182AD004618D0 /* PAWeapon.h */ = {isa = PBXFileReference; fileEncoding = 4; lastKnownFileType = sourcecode.c.h; path = PAWeapon.h; sourceTree = "<group>"; };
		65B734F4198182AD004618D0 /* PAWeapon.m */ = {isa = PBXFileReference; fileEncoding = 4; lastKnownFileType = sourcecode.c.objc; path = PAWeapon.m; sourceTree = "<group>"; };
		65B734F6198199B9004618D0 /* PAArmor.h */ = {isa = PBXFileReference; fileEncoding = 4; lastKnownFileType = sourcecode.c.h; path = PAArmor.h; sourceTree = "<group>"; };
		65B734F7198199B9004618D0 /* PAArmor.m */ = {isa = PBXFileReference; fileEncoding = 4; lastKnownFileType = sourcecode.c.objc; path = PAArmor.m; sourceTree = "<group>"; };
		65B734FD1982E1E4004618D0 /* Character.h */ = {isa = PBXFileReference; fileEncoding = 4; lastKnownFileType = sourcecode.c.h; path = Character.h; sourceTree = "<group>"; };
		65B734FE1982E1E4004618D0 /* Character.m */ = {isa = PBXFileReference; fileEncoding = 4; lastKnownFileType = sourcecode.c.objc; path = Character.m; sourceTree = "<group>"; };
/* End PBXFileReference section */

/* Begin PBXFrameworksBuildPhase section */
		650EBCBD1971C437002E3B28 /* Frameworks */ = {
			isa = PBXFrameworksBuildPhase;
			buildActionMask = 2147483647;
			files = (
			);
			runOnlyForDeploymentPostprocessing = 0;
		};
		650EBCD61971C438002E3B28 /* Frameworks */ = {
			isa = PBXFrameworksBuildPhase;
			buildActionMask = 2147483647;
			files = (
			);
			runOnlyForDeploymentPostprocessing = 0;
		};
/* End PBXFrameworksBuildPhase section */

/* Begin PBXGroup section */
		650EBCB71971C437002E3B28 = {
			isa = PBXGroup;
			children = (
				650EBCC21971C437002E3B28 /* Pirate Adventure */,
				650EBCDC1971C438002E3B28 /* Pirate AdventureTests */,
				650EBCC11971C437002E3B28 /* Products */,
			);
			sourceTree = "<group>";
		};
		650EBCC11971C437002E3B28 /* Products */ = {
			isa = PBXGroup;
			children = (
				650EBCC01971C437002E3B28 /* Pirate Adventure.app */,
				650EBCD91971C438002E3B28 /* Pirate AdventureTests.xctest */,
			);
			name = Products;
			sourceTree = "<group>";
		};
		650EBCC21971C437002E3B28 /* Pirate Adventure */ = {
			isa = PBXGroup;
			children = (
				65B734F919819CA4004618D0 /* Items */,
				650EBD401974378A002E3B28 /* Factory */,
				650EBCC71971C437002E3B28 /* AppDelegate.h */,
				650EBCC81971C438002E3B28 /* AppDelegate.m */,
				650EBCCD1971C438002E3B28 /* ViewController.h */,
				650EBCCE1971C438002E3B28 /* ViewController.m */,
				65B734FD1982E1E4004618D0 /* Character.h */,
				65B734FE1982E1E4004618D0 /* Character.m */,
				650EBCD01971C438002E3B28 /* Main.storyboard */,
				650EBCD31971C438002E3B28 /* Images.xcassets */,
				650EBCCA1971C438002E3B28 /* Pirate_Adventure.xcdatamodeld */,
				650EBCC31971C437002E3B28 /* Supporting Files */,
			);
			path = "Pirate Adventure";
			sourceTree = "<group>";
		};
		650EBCC31971C437002E3B28 /* Supporting Files */ = {
			isa = PBXGroup;
			children = (
				650EBD271971D4D9002E3B28 /* Pirate Images */,
				650EBCC41971C437002E3B28 /* Info.plist */,
				650EBCC51971C437002E3B28 /* main.m */,
			);
			name = "Supporting Files";
			sourceTree = "<group>";
		};
		650EBCDC1971C438002E3B28 /* Pirate AdventureTests */ = {
			isa = PBXGroup;
			children = (
				650EBCDF1971C438002E3B28 /* Pirate_AdventureTests.m */,
				650EBCDD1971C438002E3B28 /* Supporting Files */,
			);
			path = "Pirate AdventureTests";
			sourceTree = "<group>";
		};
		650EBCDD1971C438002E3B28 /* Supporting Files */ = {
			isa = PBXGroup;
			children = (
				650EBCDE1971C438002E3B28 /* Info.plist */,
			);
			name = "Supporting Files";
			sourceTree = "<group>";
		};
		650EBD271971D4D9002E3B28 /* Pirate Images */ = {
			isa = PBXGroup;
			children = (
				650EBD281971D4D9002E3B28 /* PirateAttack.jpg */,
				650EBD291971D4D9002E3B28 /* PirateBlacksmith.jpeg */,
				650EBD2A1971D4D9002E3B28 /* PirateBoss.jpeg */,
				650EBD2B1971D4D9002E3B28 /* PirateFriendlyDock.jpg */,
				650EBD2C1971D4D9002E3B28 /* PirateOctopusAttack.jpg */,
				650EBD2D1971D4D9002E3B28 /* PirateParrot.jpg */,
				650EBD2E1971D4D9002E3B28 /* PiratePlank.jpg */,
				650EBD2F1971D4D9002E3B28 /* PirateShipBattle.jpeg */,
				650EBD301971D4D9002E3B28 /* PirateStart.jpg */,
				650EBD311971D4D9002E3B28 /* PirateTreasure.jpeg */,
				650EBD321971D4D9002E3B28 /* PirateTreasurer2.jpeg */,
				650EBD331971D4D9002E3B28 /* PirateWeapons.jpeg */,
			);
			path = "Pirate Images";
			sourceTree = "<group>";
		};
		650EBD401974378A002E3B28 /* Factory */ = {
			isa = PBXGroup;
			children = (
				650EBCE91971D1FF002E3B28 /* PATile.h */,
				650EBCEA1971D1FF002E3B28 /* PATile.m */,
				650EBD41197437B5002E3B28 /* PATileFactory.h */,
				650EBD42197437B5002E3B28 /* PATileFactory.m */,
			);
			name = Factory;
			sourceTree = "<group>";
		};
		65B734F919819CA4004618D0 /* Items */ = {
			isa = PBXGroup;
			children = (
				65B734F01981825C004618D0 /* PAItem.h */,
				65B734F6198199B9004618D0 /* PAArmor.h */,
				65B734F7198199B9004618D0 /* PAArmor.m */,
				65B734F3198182AD004618D0 /* PAWeapon.h */,
				65B734F4198182AD004618D0 /* PAWeapon.m */,
				65B734F11981825C004618D0 /* PAItem.m */,
			);
			name = Items;
			sourceTree = "<group>";
		};
/* End PBXGroup section */

/* Begin PBXNativeTarget section */
		650EBCBF1971C437002E3B28 /* Pirate Adventure */ = {
			isa = PBXNativeTarget;
			buildConfigurationList = 650EBCE31971C438002E3B28 /* Build configuration list for PBXNativeTarget "Pirate Adventure" */;
			buildPhases = (
				650EBCBC1971C437002E3B28 /* Sources */,
				650EBCBD1971C437002E3B28 /* Frameworks */,
				650EBCBE1971C437002E3B28 /* Resources */,
			);
			buildRules = (
			);
			dependencies = (
			);
			name = "Pirate Adventure";
			productName = "Pirate Adventure";
			productReference = 650EBCC01971C437002E3B28 /* Pirate Adventure.app */;
			productType = "com.apple.product-type.application";
		};
		650EBCD81971C438002E3B28 /* Pirate AdventureTests */ = {
			isa = PBXNativeTarget;
			buildConfigurationList = 650EBCE61971C438002E3B28 /* Build configuration list for PBXNativeTarget "Pirate AdventureTests" */;
			buildPhases = (
				650EBCD51971C438002E3B28 /* Sources */,
				650EBCD61971C438002E3B28 /* Frameworks */,
				650EBCD71971C438002E3B28 /* Resources */,
			);
			buildRules = (
			);
			dependencies = (
				650EBCDB1971C438002E3B28 /* PBXTargetDependency */,
			);
			name = "Pirate AdventureTests";
			productName = "Pirate AdventureTests";
			productReference = 650EBCD91971C438002E3B28 /* Pirate AdventureTests.xctest */;
			productType = "com.apple.product-type.bundle.unit-test";
		};
/* End PBXNativeTarget section */

/* Begin PBXProject section */
		650EBCB81971C437002E3B28 /* Project object */ = {
			isa = PBXProject;
			attributes = {
				LastUpgradeCheck = 0600;
				ORGANIZATIONNAME = "Daniel Pratt";
				TargetAttributes = {
					650EBCBF1971C437002E3B28 = {
						CreatedOnToolsVersion = 6.0;
						DevelopmentTeam = ZJ769HHQS2;
					};
					650EBCD81971C438002E3B28 = {
						CreatedOnToolsVersion = 6.0;
						TestTargetID = 650EBCBF1971C437002E3B28;
					};
				};
			};
			buildConfigurationList = 650EBCBB1971C437002E3B28 /* Build configuration list for PBXProject "Pirate Adventure" */;
			compatibilityVersion = "Xcode 3.2";
			developmentRegion = English;
			hasScannedForEncodings = 0;
			knownRegions = (
				en,
				Base,
			);
			mainGroup = 650EBCB71971C437002E3B28;
			productRefGroup = 650EBCC11971C437002E3B28 /* Products */;
			projectDirPath = "";
			projectRoot = "";
			targets = (
				650EBCBF1971C437002E3B28 /* Pirate Adventure */,
				650EBCD81971C438002E3B28 /* Pirate AdventureTests */,
			);
		};
/* End PBXProject section */

/* Begin PBXResourcesBuildPhase section */
		650EBCBE1971C437002E3B28 /* Resources */ = {
			isa = PBXResourcesBuildPhase;
			buildActionMask = 2147483647;
			files = (
				650EBD351971D4D9002E3B28 /* PirateBlacksmith.jpeg in Resources */,
				650EBD3E1971D4D9002E3B28 /* PirateTreasurer2.jpeg in Resources */,
				650EBD361971D4D9002E3B28 /* PirateBoss.jpeg in Resources */,
				650EBD3B1971D4D9002E3B28 /* PirateShipBattle.jpeg in Resources */,
				650EBD3A1971D4D9002E3B28 /* PiratePlank.jpg in Resources */,
				650EBD371971D4D9002E3B28 /* PirateFriendlyDock.jpg in Resources */,
				650EBD3F1971D4D9002E3B28 /* PirateWeapons.jpeg in Resources */,
				650EBD341971D4D9002E3B28 /* PirateAttack.jpg in Resources */,
				650EBD3C1971D4D9002E3B28 /* PirateStart.jpg in Resources */,
				650EBD391971D4D9002E3B28 /* PirateParrot.jpg in Resources */,
				650EBCD21971C438002E3B28 /* Main.storyboard in Resources */,
				650EBCD41971C438002E3B28 /* Images.xcassets in Resources */,
				650EBD381971D4D9002E3B28 /* PirateOctopusAttack.jpg in Resources */,
				650EBD3D1971D4D9002E3B28 /* PirateTreasure.jpeg in Resources */,
			);
			runOnlyForDeploymentPostprocessing = 0;
		};
		650EBCD71971C438002E3B28 /* Resources */ = {
			isa = PBXResourcesBuildPhase;
			buildActionMask = 2147483647;
			files = (
			);
			runOnlyForDeploymentPostprocessing = 0;
		};
/* End PBXResourcesBuildPhase section */

/* Begin PBXSourcesBuildPhase section */
		650EBCBC1971C437002E3B28 /* Sources */ = {
			isa = PBXSourcesBuildPhase;
			buildActionMask = 2147483647;
			files = (
				65B734F5198182AD004618D0 /* PAWeapon.m in Sources */,
				65B734FF1982E1E4004618D0 /* Character.m in Sources */,
				65B734F8198199B9004618D0 /* PAArmor.m in Sources */,
				650EBCC91971C438002E3B28 /* AppDelegate.m in Sources */,
				650EBD43197437B5002E3B28 /* PATileFactory.m in Sources */,
				650EBCCC1971C438002E3B28 /* Pirate_Adventure.xcdatamodeld in Sources */,
				650EBCEB1971D1FF002E3B28 /* PATile.m in Sources */,
				650EBCCF1971C438002E3B28 /* ViewController.m in Sources */,
				65B734F21981825C004618D0 /* PAItem.m in Sources */,
				650EBCC61971C437002E3B28 /* main.m in Sources */,
			);
			runOnlyForDeploymentPostprocessing = 0;
		};
		650EBCD51971C438002E3B28 /* Sources */ = {
			isa = PBXSourcesBuildPhase;
			buildActionMask = 2147483647;
			files = (
				650EBCE01971C438002E3B28 /* Pirate_AdventureTests.m in Sources */,
			);
			runOnlyForDeploymentPostprocessing = 0;
		};
/* End PBXSourcesBuildPhase section */

/* Begin PBXTargetDependency section */
		650EBCDB1971C438002E3B28 /* PBXTargetDependency */ = {
			isa = PBXTargetDependency;
			target = 650EBCBF1971C437002E3B28 /* Pirate Adventure */;
			targetProxy = 650EBCDA1971C438002E3B28 /* PBXContainerItemProxy */;
		};
/* End PBXTargetDependency section */

/* Begin PBXVariantGroup section */
		650EBCD01971C438002E3B28 /* Main.storyboard */ = {
			isa = PBXVariantGroup;
			children = (
				650EBCD11971C438002E3B28 /* Base */,
			);
			name = Main.storyboard;
			sourceTree = "<group>";
		};
/* End PBXVariantGroup section */

/* Begin XCBuildConfiguration section */
		650EBCE11971C438002E3B28 /* Debug */ = {
			isa = XCBuildConfiguration;
			buildSettings = {
				ALWAYS_SEARCH_USER_PATHS = NO;
				CLANG_CXX_LANGUAGE_STANDARD = "gnu++0x";
				CLANG_CXX_LIBRARY = "libc++";
				CLANG_ENABLE_MODULES = YES;
				CLANG_ENABLE_OBJC_ARC = YES;
				CLANG_WARN_BOOL_CONVERSION = YES;
				CLANG_WARN_CONSTANT_CONVERSION = YES;
				CLANG_WARN_DIRECT_OBJC_ISA_USAGE = YES_ERROR;
				CLANG_WARN_EMPTY_BODY = YES;
				CLANG_WARN_ENUM_CONVERSION = YES;
				CLANG_WARN_INT_CONVERSION = YES;
				CLANG_WARN_OBJC_ROOT_CLASS = YES_ERROR;
				CLANG_WARN_UNREACHABLE_CODE = YES;
				CLANG_WARN__DUPLICATE_METHOD_MATCH = YES;
				"CODE_SIGN_IDENTITY[sdk=iphoneos*]" = "iPhone Developer";
				COPY_PHASE_STRIP = NO;
				ENABLE_STRICT_OBJC_MSGSEND = YES;
				GCC_C_LANGUAGE_STANDARD = gnu99;
				GCC_DYNAMIC_NO_PIC = NO;
				GCC_OPTIMIZATION_LEVEL = 0;
				GCC_PREPROCESSOR_DEFINITIONS = (
					"DEBUG=1",
					"$(inherited)",
				);
				GCC_SYMBOLS_PRIVATE_EXTERN = NO;
				GCC_WARN_64_TO_32_BIT_CONVERSION = YES;
				GCC_WARN_ABOUT_RETURN_TYPE = YES_ERROR;
				GCC_WARN_UNDECLARED_SELECTOR = YES;
				GCC_WARN_UNINITIALIZED_AUTOS = YES_AGGRESSIVE;
				GCC_WARN_UNUSED_FUNCTION = YES;
				GCC_WARN_UNUSED_VARIABLE = YES;
				IPHONEOS_DEPLOYMENT_TARGET = 8.0;
				MTL_ENABLE_DEBUG_INFO = YES;
				ONLY_ACTIVE_ARCH = YES;
				SDKROOT = iphoneos;
			};
			name = Debug;
		};
		650EBCE21971C438002E3B28 /* Release */ = {
			isa = XCBuildConfiguration;
			buildSettings = {
				ALWAYS_SEARCH_USER_PATHS = NO;
				CLANG_CXX_LANGUAGE_STANDARD = "gnu++0x";
				CLANG_CXX_LIBRARY = "libc++";
				CLANG_ENABLE_MODULES = YES;
				CLANG_ENABLE_OBJC_ARC = YES;
				CLANG_WARN_BOOL_CONVERSION = YES;
				CLANG_WARN_CONSTANT_CONVERSION = YES;
				CLANG_WARN_DIRECT_OBJC_ISA_USAGE = YES_ERROR;
				CLANG_WARN_EMPTY_BODY = YES;
				CLANG_WARN_ENUM_CONVERSION = YES;
				CLANG_WARN_INT_CONVERSION = YES;
				CLANG_WARN_OBJC_ROOT_CLASS = YES_ERROR;
				CLANG_WARN_UNREACHABLE_CODE = YES;
				CLANG_WARN__DUPLICATE_METHOD_MATCH = YES;
				"CODE_SIGN_IDENTITY[sdk=iphoneos*]" = "iPhone Developer";
				COPY_PHASE_STRIP = YES;
				ENABLE_NS_ASSERTIONS = NO;
				ENABLE_STRICT_OBJC_MSGSEND = YES;
				GCC_C_LANGUAGE_STANDARD = gnu99;
				GCC_WARN_64_TO_32_BIT_CONVERSION = YES;
				GCC_WARN_ABOUT_RETURN_TYPE = YES_ERROR;
				GCC_WARN_UNDECLARED_SELECTOR = YES;
				GCC_WARN_UNINITIALIZED_AUTOS = YES_AGGRESSIVE;
				GCC_WARN_UNUSED_FUNCTION = YES;
				GCC_WARN_UNUSED_VARIABLE = YES;
				IPHONEOS_DEPLOYMENT_TARGET = 8.0;
				MTL_ENABLE_DEBUG_INFO = NO;
				SDKROOT = iphoneos;
				VALIDATE_PRODUCT = YES;
			};
			name = Release;
		};
		650EBCE41971C438002E3B28 /* Debug */ = {
			isa = XCBuildConfiguration;
			buildSettings = {
				ASSETCATALOG_COMPILER_APPICON_NAME = AppIcon;
				ASSETCATALOG_COMPILER_LAUNCHIMAGE_NAME = LaunchImage;
				CODE_SIGN_IDENTITY = "iPhone Developer";
				"CODE_SIGN_IDENTITY[sdk=iphoneos*]" = "iPhone Developer";
				INFOPLIST_FILE = "Pirate Adventure/Info.plist";
				IPHONEOS_DEPLOYMENT_TARGET = 8.0;
				LD_RUNPATH_SEARCH_PATHS = "$(inherited) @executable_path/Frameworks";
				PRODUCT_NAME = "$(TARGET_NAME)";
				PROVISIONING_PROFILE = "";
			};
			name = Debug;
		};
		650EBCE51971C438002E3B28 /* Release */ = {
			isa = XCBuildConfiguration;
			buildSettings = {
				ASSETCATALOG_COMPILER_APPICON_NAME = AppIcon;
				ASSETCATALOG_COMPILER_LAUNCHIMAGE_NAME = LaunchImage;
				CODE_SIGN_IDENTITY = "iPhone Developer";
				"CODE_SIGN_IDENTITY[sdk=iphoneos*]" = "iPhone Developer";
				INFOPLIST_FILE = "Pirate Adventure/Info.plist";
				IPHONEOS_DEPLOYMENT_TARGET = 8.0;
				LD_RUNPATH_SEARCH_PATHS = "$(inherited) @executable_path/Frameworks";
				PRODUCT_NAME = "$(TARGET_NAME)";
				PROVISIONING_PROFILE = "";
			};
			name = Release;
		};
		650EBCE71971C438002E3B28 /* Debug */ = {
			isa = XCBuildConfiguration;
			buildSettings = {
				BUNDLE_LOADER = "$(BUILT_PRODUCTS_DIR)/Pirate Adventure.app/Pirate Adventure";
				FRAMEWORK_SEARCH_PATHS = (
					"$(SDKROOT)/Developer/Library/Frameworks",
					"$(inherited)",
				);
				GCC_PREPROCESSOR_DEFINITIONS = (
					"DEBUG=1",
					"$(inherited)",
				);
				INFOPLIST_FILE = "Pirate AdventureTests/Info.plist";
				LD_RUNPATH_SEARCH_PATHS = "$(inherited) @executable_path/Frameworks @loader_path/Frameworks";
				PRODUCT_NAME = "$(TARGET_NAME)";
				TEST_HOST = "$(BUNDLE_LOADER)";
			};
			name = Debug;
		};
		650EBCE81971C438002E3B28 /* Release */ = {
			isa = XCBuildConfiguration;
			buildSettings = {
				BUNDLE_LOADER = "$(BUILT_PRODUCTS_DIR)/Pirate Adventure.app/Pirate Adventure";
				FRAMEWORK_SEARCH_PATHS = (
					"$(SDKROOT)/Developer/Library/Frameworks",
					"$(inherited)",
				);
				INFOPLIST_FILE = "Pirate AdventureTests/Info.plist";
				LD_RUNPATH_SEARCH_PATHS = "$(inherited) @executable_path/Frameworks @loader_path/Frameworks";
				PRODUCT_NAME = "$(TARGET_NAME)";
				TEST_HOST = "$(BUNDLE_LOADER)";
			};
			name = Release;
		};
/* End XCBuildConfiguration section */

/* Begin XCConfigurationList section */
		650EBCBB1971C437002E3B28 /* Build configuration list for PBXProject "Pirate Adventure" */ = {
			isa = XCConfigurationList;
			buildConfigurations = (
				650EBCE11971C438002E3B28 /* Debug */,
				650EBCE21971C438002E3B28 /* Release */,
			);
			defaultConfigurationIsVisible = 0;
			defaultConfigurationName = Release;
		};
		650EBCE31971C438002E3B28 /* Build configuration list for PBXNativeTarget "Pirate Adventure" */ = {
			isa = XCConfigurationList;
			buildConfigurations = (
				650EBCE41971C438002E3B28 /* Debug */,
				650EBCE51971C438002E3B28 /* Release */,
			);
			defaultConfigurationIsVisible = 0;
			defaultConfigurationName = Release;
		};
		650EBCE61971C438002E3B28 /* Build configuration list for PBXNativeTarget "Pirate AdventureTests" */ = {
			isa = XCConfigurationList;
			buildConfigurations = (
				650EBCE71971C438002E3B28 /* Debug */,
				650EBCE81971C438002E3B28 /* Release */,
			);
			defaultConfigurationIsVisible = 0;
			defaultConfigurationName = Release;
		};
/* End XCConfigurationList section */

/* Begin XCVersionGroup section */
		650EBCCA1971C438002E3B28 /* Pirate_Adventure.xcdatamodeld */ = {
			isa = XCVersionGroup;
			children = (
				650EBCCB1971C438002E3B28 /* Pirate_Adventure.xcdatamodel */,
			);
			currentVersion = 650EBCCB1971C438002E3B28 /* Pirate_Adventure.xcdatamodel */;
			path = Pirate_Adventure.xcdatamodeld;
			sourceTree = "<group>";
			versionGroupType = wrapper.xcdatamodel;
		};
/* End XCVersionGroup section */
	};
	rootObject = 650EBCB81971C437002E3B28 /* Project object */;
}
